
Microsoft Visual Studio Solution File, Format Version 12.00
# Visual Studio Version 17
VisualStudioVersion = 17.8.34316.72
MinimumVisualStudioVersion = 10.0.40219.1
Project("{FAE04EC0-301F-11D3-BF4B-00C04F79EFBC}") = "ListaDeCompras", "ListaDeCompras\ListaDeCompras.csproj", "{A718F4EB-BD62-4EDB-9258-871C22F8DE2F}"
EndProject
Global
	GlobalSection(SolutionConfigurationPlatforms) = preSolution
		Debug|Any CPU = Debug|Any CPU
		Release|Any CPU = Release|Any CPU
	EndGlobalSection
	GlobalSection(ProjectConfigurationPlatforms) = postSolution
		{A718F4EB-BD62-4EDB-9258-871C22F8DE2F}.Debug|Any CPU.ActiveCfg = Debug|Any CPU
		{A718F4EB-BD62-4EDB-9258-871C22F8DE2F}.Debug|Any CPU.Build.0 = Debug|Any CPU
		{A718F4EB-BD62-4EDB-9258-871C22F8DE2F}.Release|Any CPU.ActiveCfg = Release|Any CPU
		{A718F4EB-BD62-4EDB-9258-871C22F8DE2F}.Release|Any CPU.Build.0 = Release|Any CPU
	EndGlobalSection
	GlobalSection(SolutionProperties) = preSolution
		HideSolutionNode = FALSE
	EndGlobalSection
	GlobalSection(ExtensibilityGlobals) = postSolution
		SolutionGuid = {B60444E0-030B-4A41-AB26-40DEE6C37F03}
	EndGlobalSection
EndGlobal
